// !$*UTF8*$!
{
	archiveVersion = 1;
	classes = {
	};
	objectVersion = 56;
	objects = {

/* Begin PBXBuildFile section */
		B7852ED02A76C23300E2995E /* ListAppApp.swift in Sources */ = {isa = PBXBuildFile; fileRef = B7852ECF2A76C23300E2995E /* ListAppApp.swift */; };
		B7852ED22A76C23300E2995E /* ContentView.swift in Sources */ = {isa = PBXBuildFile; fileRef = B7852ED12A76C23300E2995E /* ContentView.swift */; };
		B7852ED42A76C23400E2995E /* Assets.xcassets in Resources */ = {isa = PBXBuildFile; fileRef = B7852ED32A76C23400E2995E /* Assets.xcassets */; };
		B7852ED72A76C23400E2995E /* Preview Assets.xcassets in Resources */ = {isa = PBXBuildFile; fileRef = B7852ED62A76C23400E2995E /* Preview Assets.xcassets */; };
		B7852ED92A76C23400E2995E /* Persistence.swift in Sources */ = {isa = PBXBuildFile; fileRef = B7852ED82A76C23400E2995E /* Persistence.swift */; };
		B7852EDC2A76C23400E2995E /* ListApp.xcdatamodeld in Sources */ = {isa = PBXBuildFile; fileRef = B7852EDA2A76C23400E2995E /* ListApp.xcdatamodeld */; };
		B7852EE72A76C23400E2995E /* ListAppTests.swift in Sources */ = {isa = PBXBuildFile; fileRef = B7852EE62A76C23400E2995E /* ListAppTests.swift */; };
		B7852EF12A76C23400E2995E /* ListAppUITests.swift in Sources */ = {isa = PBXBuildFile; fileRef = B7852EF02A76C23400E2995E /* ListAppUITests.swift */; };
		B7852EF32A76C23400E2995E /* ListAppUITestsLaunchTests.swift in Sources */ = {isa = PBXBuildFile; fileRef = B7852EF22A76C23400E2995E /* ListAppUITestsLaunchTests.swift */; };
		B7852F032A76C84E00E2995E /* Team.swift in Sources */ = {isa = PBXBuildFile; fileRef = B7852F022A76C84E00E2995E /* Team.swift */; };
		B7852F062A76C96F00E2995E /* APICaller.swift in Sources */ = {isa = PBXBuildFile; fileRef = B7852F052A76C96F00E2995E /* APICaller.swift */; };
/* End PBXBuildFile section */

/* Begin PBXContainerItemProxy section */
		B7852EE32A76C23400E2995E /* PBXContainerItemProxy */ = {
			isa = PBXContainerItemProxy;
			containerPortal = B7852EC42A76C23300E2995E /* Project object */;
			proxyType = 1;
			remoteGlobalIDString = B7852ECB2A76C23300E2995E;
			remoteInfo = ListApp;
		};
		B7852EED2A76C23400E2995E /* PBXContainerItemProxy */ = {
			isa = PBXContainerItemProxy;
			containerPortal = B7852EC42A76C23300E2995E /* Project object */;
			proxyType = 1;
			remoteGlobalIDString = B7852ECB2A76C23300E2995E;
			remoteInfo = ListApp;
		};
/* End PBXContainerItemProxy section */

/* Begin PBXFileReference section */
		B7852ECC2A76C23300E2995E /* ListApp.app */ = {isa = PBXFileReference; explicitFileType = wrapper.application; includeInIndex = 0; path = ListApp.app; sourceTree = BUILT_PRODUCTS_DIR; };
		B7852ECF2A76C23300E2995E /* ListAppApp.swift */ = {isa = PBXFileReference; lastKnownFileType = sourcecode.swift; path = ListAppApp.swift; sourceTree = "<group>"; };
		B7852ED12A76C23300E2995E /* ContentView.swift */ = {isa = PBXFileReference; lastKnownFileType = sourcecode.swift; path = ContentView.swift; sourceTree = "<group>"; };
		B7852ED32A76C23400E2995E /* Assets.xcassets */ = {isa = PBXFileReference; lastKnownFileType = folder.assetcatalog; path = Assets.xcassets; sourceTree = "<group>"; };
		B7852ED62A76C23400E2995E /* Preview Assets.xcassets */ = {isa = PBXFileReference; lastKnownFileType = folder.assetcatalog; path = "Preview Assets.xcassets"; sourceTree = "<group>"; };
		B7852ED82A76C23400E2995E /* Persistence.swift */ = {isa = PBXFileReference; lastKnownFileType = sourcecode.swift; path = Persistence.swift; sourceTree = "<group>"; };
		B7852EDB2A76C23400E2995E /* ListApp.xcdatamodel */ = {isa = PBXFileReference; lastKnownFileType = wrapper.xcdatamodel; path = ListApp.xcdatamodel; sourceTree = "<group>"; };
		B7852EDD2A76C23400E2995E /* Info.plist */ = {isa = PBXFileReference; lastKnownFileType = text.plist.xml; path = Info.plist; sourceTree = "<group>"; };
		B7852EE22A76C23400E2995E /* ListAppTests.xctest */ = {isa = PBXFileReference; explicitFileType = wrapper.cfbundle; includeInIndex = 0; path = ListAppTests.xctest; sourceTree = BUILT_PRODUCTS_DIR; };
		B7852EE62A76C23400E2995E /* ListAppTests.swift */ = {isa = PBXFileReference; lastKnownFileType = sourcecode.swift; path = ListAppTests.swift; sourceTree = "<group>"; };
		B7852EEC2A76C23400E2995E /* ListAppUITests.xctest */ = {isa = PBXFileReference; explicitFileType = wrapper.cfbundle; includeInIndex = 0; path = ListAppUITests.xctest; sourceTree = BUILT_PRODUCTS_DIR; };
		B7852EF02A76C23400E2995E /* ListAppUITests.swift */ = {isa = PBXFileReference; lastKnownFileType = sourcecode.swift; path = ListAppUITests.swift; sourceTree = "<group>"; };
		B7852EF22A76C23400E2995E /* ListAppUITestsLaunchTests.swift */ = {isa = PBXFileReference; lastKnownFileType = sourcecode.swift; path = ListAppUITestsLaunchTests.swift; sourceTree = "<group>"; };
		B7852F022A76C84E00E2995E /* Team.swift */ = {isa = PBXFileReference; lastKnownFileType = sourcecode.swift; path = Team.swift; sourceTree = "<group>"; };
		B7852F052A76C96F00E2995E /* APICaller.swift */ = {isa = PBXFileReference; lastKnownFileType = sourcecode.swift; path = APICaller.swift; sourceTree = "<group>"; };
/* End PBXFileReference section */

/* Begin PBXFrameworksBuildPhase section */
		B7852EC92A76C23300E2995E /* Frameworks */ = {
			isa = PBXFrameworksBuildPhase;
			buildActionMask = 2147483647;
			files = (
			);
			runOnlyForDeploymentPostprocessing = 0;
		};
		B7852EDF2A76C23400E2995E /* Frameworks */ = {
			isa = PBXFrameworksBuildPhase;
			buildActionMask = 2147483647;
			files = (
			);
			runOnlyForDeploymentPostprocessing = 0;
		};
		B7852EE92A76C23400E2995E /* Frameworks */ = {
			isa = PBXFrameworksBuildPhase;
			buildActionMask = 2147483647;
			files = (
			);
			runOnlyForDeploymentPostprocessing = 0;
		};
/* End PBXFrameworksBuildPhase section */

/* Begin PBXGroup section */
		B7852EC32A76C23300E2995E = {
			isa = PBXGroup;
			children = (
				B7852ECE2A76C23300E2995E /* ListApp */,
				B7852EE52A76C23400E2995E /* ListAppTests */,
				B7852EEF2A76C23400E2995E /* ListAppUITests */,
				B7852ECD2A76C23300E2995E /* Products */,
			);
			sourceTree = "<group>";
		};
		B7852ECD2A76C23300E2995E /* Products */ = {
			isa = PBXGroup;
			children = (
				B7852ECC2A76C23300E2995E /* ListApp.app */,
				B7852EE22A76C23400E2995E /* ListAppTests.xctest */,
				B7852EEC2A76C23400E2995E /* ListAppUITests.xctest */,
			);
			name = Products;
			sourceTree = "<group>";
		};
		B7852ECE2A76C23300E2995E /* ListApp */ = {
			isa = PBXGroup;
			children = (
				B7852F042A76C95F00E2995E /* API */,
				B7852EFF2A76C82900E2995E /* Models */,
				B7852ECF2A76C23300E2995E /* ListAppApp.swift */,
				B7852ED12A76C23300E2995E /* ContentView.swift */,
				B7852ED32A76C23400E2995E /* Assets.xcassets */,
				B7852ED82A76C23400E2995E /* Persistence.swift */,
				B7852EDD2A76C23400E2995E /* Info.plist */,
				B7852EDA2A76C23400E2995E /* ListApp.xcdatamodeld */,
				B7852ED52A76C23400E2995E /* Preview Content */,
			);
			path = ListApp;
			sourceTree = "<group>";
		};
		B7852ED52A76C23400E2995E /* Preview Content */ = {
			isa = PBXGroup;
			children = (
				B7852ED62A76C23400E2995E /* Preview Assets.xcassets */,
			);
			path = "Preview Content";
			sourceTree = "<group>";
		};
		B7852EE52A76C23400E2995E /* ListAppTests */ = {
			isa = PBXGroup;
			children = (
				B7852EE62A76C23400E2995E /* ListAppTests.swift */,
			);
			path = ListAppTests;
			sourceTree = "<group>";
		};
		B7852EEF2A76C23400E2995E /* ListAppUITests */ = {
			isa = PBXGroup;
			children = (
				B7852EF02A76C23400E2995E /* ListAppUITests.swift */,
				B7852EF22A76C23400E2995E /* ListAppUITestsLaunchTests.swift */,
			);
			path = ListAppUITests;
			sourceTree = "<group>";
		};
		B7852EFF2A76C82900E2995E /* Models */ = {
			isa = PBXGroup;
			children = (
				B7852F022A76C84E00E2995E /* Team.swift */,
			);
			path = Models;
			sourceTree = "<group>";
		};
		B7852F042A76C95F00E2995E /* API */ = {
			isa = PBXGroup;
			children = (
				B7852F052A76C96F00E2995E /* APICaller.swift */,
			);
			path = API;
			sourceTree = "<group>";
		};
/* End PBXGroup section */

/* Begin PBXNativeTarget section */
		B7852ECB2A76C23300E2995E /* ListApp */ = {
			isa = PBXNativeTarget;
			buildConfigurationList = B7852EF62A76C23400E2995E /* Build configuration list for PBXNativeTarget "ListApp" */;
			buildPhases = (
				B7852EC82A76C23300E2995E /* Sources */,
				B7852EC92A76C23300E2995E /* Frameworks */,
				B7852ECA2A76C23300E2995E /* Resources */,
			);
			buildRules = (
			);
			dependencies = (
			);
			name = ListApp;
			productName = ListApp;
			productReference = B7852ECC2A76C23300E2995E /* ListApp.app */;
			productType = "com.apple.product-type.application";
		};
		B7852EE12A76C23400E2995E /* ListAppTests */ = {
			isa = PBXNativeTarget;
			buildConfigurationList = B7852EF92A76C23400E2995E /* Build configuration list for PBXNativeTarget "ListAppTests" */;
			buildPhases = (
				B7852EDE2A76C23400E2995E /* Sources */,
				B7852EDF2A76C23400E2995E /* Frameworks */,
				B7852EE02A76C23400E2995E /* Resources */,
			);
			buildRules = (
			);
			dependencies = (
				B7852EE42A76C23400E2995E /* PBXTargetDependency */,
			);
			name = ListAppTests;
			productName = ListAppTests;
			productReference = B7852EE22A76C23400E2995E /* ListAppTests.xctest */;
			productType = "com.apple.product-type.bundle.unit-test";
		};
		B7852EEB2A76C23400E2995E /* ListAppUITests */ = {
			isa = PBXNativeTarget;
			buildConfigurationList = B7852EFC2A76C23400E2995E /* Build configuration list for PBXNativeTarget "ListAppUITests" */;
			buildPhases = (
				B7852EE82A76C23400E2995E /* Sources */,
				B7852EE92A76C23400E2995E /* Frameworks */,
				B7852EEA2A76C23400E2995E /* Resources */,
			);
			buildRules = (
			);
			dependencies = (
				B7852EEE2A76C23400E2995E /* PBXTargetDependency */,
			);
			name = ListAppUITests;
			productName = ListAppUITests;
			productReference = B7852EEC2A76C23400E2995E /* ListAppUITests.xctest */;
			productType = "com.apple.product-type.bundle.ui-testing";
		};
/* End PBXNativeTarget section */

/* Begin PBXProject section */
		B7852EC42A76C23300E2995E /* Project object */ = {
			isa = PBXProject;
			attributes = {
				BuildIndependentTargetsInParallel = 1;
				LastSwiftUpdateCheck = 1410;
				LastUpgradeCheck = 1410;
				TargetAttributes = {
					B7852ECB2A76C23300E2995E = {
						CreatedOnToolsVersion = 14.1;
					};
					B7852EE12A76C23400E2995E = {
						CreatedOnToolsVersion = 14.1;
						TestTargetID = B7852ECB2A76C23300E2995E;
					};
					B7852EEB2A76C23400E2995E = {
						CreatedOnToolsVersion = 14.1;
						TestTargetID = B7852ECB2A76C23300E2995E;
					};
				};
			};
			buildConfigurationList = B7852EC72A76C23300E2995E /* Build configuration list for PBXProject "ListApp" */;
			compatibilityVersion = "Xcode 14.0";
			developmentRegion = en;
			hasScannedForEncodings = 0;
			knownRegions = (
				en,
				Base,
			);
			mainGroup = B7852EC32A76C23300E2995E;
			productRefGroup = B7852ECD2A76C23300E2995E /* Products */;
			projectDirPath = "";
			projectRoot = "";
			targets = (
				B7852ECB2A76C23300E2995E /* ListApp */,
				B7852EE12A76C23400E2995E /* ListAppTests */,
				B7852EEB2A76C23400E2995E /* ListAppUITests */,
			);
		};
/* End PBXProject section */

/* Begin PBXResourcesBuildPhase section */
		B7852ECA2A76C23300E2995E /* Resources */ = {
			isa = PBXResourcesBuildPhase;
			buildActionMask = 2147483647;
			files = (
				B7852ED72A76C23400E2995E /* Preview Assets.xcassets in Resources */,
				B7852ED42A76C23400E2995E /* Assets.xcassets in Resources */,
			);
			runOnlyForDeploymentPostprocessing = 0;
		};
		B7852EE02A76C23400E2995E /* Resources */ = {
			isa = PBXResourcesBuildPhase;
			buildActionMask = 2147483647;
			files = (
			);
			runOnlyForDeploymentPostprocessing = 0;
		};
		B7852EEA2A76C23400E2995E /* Resources */ = {
			isa = PBXResourcesBuildPhase;
			buildActionMask = 2147483647;
			files = (
			);
			runOnlyForDeploymentPostprocessing = 0;
		};
/* End PBXResourcesBuildPhase section */

/* Begin PBXSourcesBuildPhase section */
		B7852EC82A76C23300E2995E /* Sources */ = {
			isa = PBXSourcesBuildPhase;
			buildActionMask = 2147483647;
			files = (
				B7852ED92A76C23400E2995E /* Persistence.swift in Sources */,
				B7852F062A76C96F00E2995E /* APICaller.swift in Sources */,
				B7852EDC2A76C23400E2995E /* ListApp.xcdatamodeld in Sources */,
				B7852ED22A76C23300E2995E /* ContentView.swift in Sources */,
				B7852F032A76C84E00E2995E /* Team.swift in Sources */,
				B7852ED02A76C23300E2995E /* ListAppApp.swift in Sources */,
			);
			runOnlyForDeploymentPostprocessing = 0;
		};
		B7852EDE2A76C23400E2995E /* Sources */ = {
			isa = PBXSourcesBuildPhase;
			buildActionMask = 2147483647;
			files = (
				B7852EE72A76C23400E2995E /* ListAppTests.swift in Sources */,
			);
			runOnlyForDeploymentPostprocessing = 0;
		};
		B7852EE82A76C23400E2995E /* Sources */ = {
			isa = PBXSourcesBuildPhase;
			buildActionMask = 2147483647;
			files = (
				B7852EF32A76C23400E2995E /* ListAppUITestsLaunchTests.swift in Sources */,
				B7852EF12A76C23400E2995E /* ListAppUITests.swift in Sources */,
			);
			runOnlyForDeploymentPostprocessing = 0;
		};
/* End PBXSourcesBuildPhase section */

/* Begin PBXTargetDependency section */
		B7852EE42A76C23400E2995E /* PBXTargetDependency */ = {
			isa = PBXTargetDependency;
			target = B7852ECB2A76C23300E2995E /* ListApp */;
			targetProxy = B7852EE32A76C23400E2995E /* PBXContainerItemProxy */;
		};
		B7852EEE2A76C23400E2995E /* PBXTargetDependency */ = {
			isa = PBXTargetDependency;
			target = B7852ECB2A76C23300E2995E /* ListApp */;
			targetProxy = B7852EED2A76C23400E2995E /* PBXContainerItemProxy */;
		};
/* End PBXTargetDependency section */

/* Begin XCBuildConfiguration section */
		B7852EF42A76C23400E2995E /* Debug */ = {
			isa = XCBuildConfiguration;
			buildSettings = {
				ALWAYS_SEARCH_USER_PATHS = NO;
				CLANG_ANALYZER_NONNULL = YES;
				CLANG_ANALYZER_NUMBER_OBJECT_CONVERSION = YES_AGGRESSIVE;
				CLANG_CXX_LANGUAGE_STANDARD = "gnu++20";
				CLANG_ENABLE_MODULES = YES;
				CLANG_ENABLE_OBJC_ARC = YES;
				CLANG_ENABLE_OBJC_WEAK = YES;
				CLANG_WARN_BLOCK_CAPTURE_AUTORELEASING = YES;
				CLANG_WARN_BOOL_CONVERSION = YES;
				CLANG_WARN_COMMA = YES;
				CLANG_WARN_CONSTANT_CONVERSION = YES;
				CLANG_WARN_DEPRECATED_OBJC_IMPLEMENTATIONS = YES;
				CLANG_WARN_DIRECT_OBJC_ISA_USAGE = YES_ERROR;
				CLANG_WARN_DOCUMENTATION_COMMENTS = YES;
				CLANG_WARN_EMPTY_BODY = YES;
				CLANG_WARN_ENUM_CONVERSION = YES;
				CLANG_WARN_INFINITE_RECURSION = YES;
				CLANG_WARN_INT_CONVERSION = YES;
				CLANG_WARN_NON_LITERAL_NULL_CONVERSION = YES;
				CLANG_WARN_OBJC_IMPLICIT_RETAIN_SELF = YES;
				CLANG_WARN_OBJC_LITERAL_CONVERSION = YES;
				CLANG_WARN_OBJC_ROOT_CLASS = YES_ERROR;
				CLANG_WARN_QUOTED_INCLUDE_IN_FRAMEWORK_HEADER = YES;
				CLANG_WARN_RANGE_LOOP_ANALYSIS = YES;
				CLANG_WARN_STRICT_PROTOTYPES = YES;
				CLANG_WARN_SUSPICIOUS_MOVE = YES;
				CLANG_WARN_UNGUARDED_AVAILABILITY = YES_AGGRESSIVE;
				CLANG_WARN_UNREACHABLE_CODE = YES;
				CLANG_WARN__DUPLICATE_METHOD_MATCH = YES;
				COPY_PHASE_STRIP = NO;
				DEBUG_INFORMATION_FORMAT = dwarf;
				ENABLE_STRICT_OBJC_MSGSEND = YES;
				ENABLE_TESTABILITY = YES;
				GCC_C_LANGUAGE_STANDARD = gnu11;
				GCC_DYNAMIC_NO_PIC = NO;
				GCC_NO_COMMON_BLOCKS = YES;
				GCC_OPTIMIZATION_LEVEL = 0;
				GCC_PREPROCESSOR_DEFINITIONS = (
					"DEBUG=1",
					"$(inherited)",
				);
				GCC_WARN_64_TO_32_BIT_CONVERSION = YES;
				GCC_WARN_ABOUT_RETURN_TYPE = YES_ERROR;
				GCC_WARN_UNDECLARED_SELECTOR = YES;
				GCC_WARN_UNINITIALIZED_AUTOS = YES_AGGRESSIVE;
				GCC_WARN_UNUSED_FUNCTION = YES;
				GCC_WARN_UNUSED_VARIABLE = YES;
				IPHONEOS_DEPLOYMENT_TARGET = 16.1;
				MTL_ENABLE_DEBUG_INFO = INCLUDE_SOURCE;
				MTL_FAST_MATH = YES;
				ONLY_ACTIVE_ARCH = YES;
				SDKROOT = iphoneos;
				SWIFT_ACTIVE_COMPILATION_CONDITIONS = DEBUG;
				SWIFT_OPTIMIZATION_LEVEL = "-Onone";
			};
			name = Debug;
		};
		B7852EF52A76C23400E2995E /* Release */ = {
			isa = XCBuildConfiguration;
			buildSettings = {
				ALWAYS_SEARCH_USER_PATHS = NO;
				CLANG_ANALYZER_NONNULL = YES;
				CLANG_ANALYZER_NUMBER_OBJECT_CONVERSION = YES_AGGRESSIVE;
				CLANG_CXX_LANGUAGE_STANDARD = "gnu++20";
				CLANG_ENABLE_MODULES = YES;
				CLANG_ENABLE_OBJC_ARC = YES;
				CLANG_ENABLE_OBJC_WEAK = YES;
				CLANG_WARN_BLOCK_CAPTURE_AUTORELEASING = YES;
				CLANG_WARN_BOOL_CONVERSION = YES;
				CLANG_WARN_COMMA = YES;
				CLANG_WARN_CONSTANT_CONVERSION = YES;
				CLANG_WARN_DEPRECATED_OBJC_IMPLEMENTATIONS = YES;
				CLANG_WARN_DIRECT_OBJC_ISA_USAGE = YES_ERROR;
				CLANG_WARN_DOCUMENTATION_COMMENTS = YES;
				CLANG_WARN_EMPTY_BODY = YES;
				CLANG_WARN_ENUM_CONVERSION = YES;
				CLANG_WARN_INFINITE_RECURSION = YES;
				CLANG_WARN_INT_CONVERSION = YES;
				CLANG_WARN_NON_LITERAL_NULL_CONVERSION = YES;
				CLANG_WARN_OBJC_IMPLICIT_RETAIN_SELF = YES;
				CLANG_WARN_OBJC_LITERAL_CONVERSION = YES;
				CLANG_WARN_OBJC_ROOT_CLASS = YES_ERROR;
				CLANG_WARN_QUOTED_INCLUDE_IN_FRAMEWORK_HEADER = YES;
				CLANG_WARN_RANGE_LOOP_ANALYSIS = YES;
				CLANG_WARN_STRICT_PROTOTYPES = YES;
				CLANG_WARN_SUSPICIOUS_MOVE = YES;
				CLANG_WARN_UNGUARDED_AVAILABILITY = YES_AGGRESSIVE;
				CLANG_WARN_UNREACHABLE_CODE = YES;
				CLANG_WARN__DUPLICATE_METHOD_MATCH = YES;
				COPY_PHASE_STRIP = NO;
				DEBUG_INFORMATION_FORMAT = "dwarf-with-dsym";
				ENABLE_NS_ASSERTIONS = NO;
				ENABLE_STRICT_OBJC_MSGSEND = YES;
				GCC_C_LANGUAGE_STANDARD = gnu11;
				GCC_NO_COMMON_BLOCKS = YES;
				GCC_WARN_64_TO_32_BIT_CONVERSION = YES;
				GCC_WARN_ABOUT_RETURN_TYPE = YES_ERROR;
				GCC_WARN_UNDECLARED_SELECTOR = YES;
				GCC_WARN_UNINITIALIZED_AUTOS = YES_AGGRESSIVE;
				GCC_WARN_UNUSED_FUNCTION = YES;
				GCC_WARN_UNUSED_VARIABLE = YES;
				IPHONEOS_DEPLOYMENT_TARGET = 16.1;
				MTL_ENABLE_DEBUG_INFO = NO;
				MTL_FAST_MATH = YES;
				SDKROOT = iphoneos;
				SWIFT_COMPILATION_MODE = wholemodule;
				SWIFT_OPTIMIZATION_LEVEL = "-O";
				VALIDATE_PRODUCT = YES;
			};
			name = Release;
		};
		B7852EF72A76C23400E2995E /* Debug */ = {
			isa = XCBuildConfiguration;
			buildSettings = {
				ASSETCATALOG_COMPILER_APPICON_NAME = AppIcon;
				ASSETCATALOG_COMPILER_GLOBAL_ACCENT_COLOR_NAME = AccentColor;
				CODE_SIGN_STYLE = Automatic;
				CURRENT_PROJECT_VERSION = 1;
				DEVELOPMENT_ASSET_PATHS = "\"ListApp/Preview Content\"";
				DEVELOPMENT_TEAM = Q3M8LGUQ9H;
				ENABLE_PREVIEWS = YES;
				GENERATE_INFOPLIST_FILE = YES;
				INFOPLIST_KEY_UIApplicationSceneManifest_Generation = YES;
				INFOPLIST_KEY_UIApplicationSupportsIndirectInputEvents = YES;
				INFOPLIST_KEY_UILaunchScreen_Generation = YES;
				INFOPLIST_KEY_UISupportedInterfaceOrientations_iPad = "UIInterfaceOrientationPortrait UIInterfaceOrientationPortraitUpsideDown UIInterfaceOrientationLandscapeLeft UIInterfaceOrientationLandscapeRight";
				INFOPLIST_KEY_UISupportedInterfaceOrientations_iPhone = "UIInterfaceOrientationPortrait UIInterfaceOrientationLandscapeLeft UIInterfaceOrientationLandscapeRight";
				LD_RUNPATH_SEARCH_PATHS = (
					"$(inherited)",
					"@executable_path/Frameworks",
				);
				MARKETING_VERSION = 1.0;
				PRODUCT_BUNDLE_IDENTIFIER = "sami-abushamat.ListApp";
				PRODUCT_NAME = "$(TARGET_NAME)";
				SWIFT_EMIT_LOC_STRINGS = YES;
				SWIFT_VERSION = 5.0;
				TARGETED_DEVICE_FAMILY = "1,2";
			};
			name = Debug;
		};
		B7852EF82A76C23400E2995E /* Release */ = {
			isa = XCBuildConfiguration;
			buildSettings = {
				ASSETCATALOG_COMPILER_APPICON_NAME = AppIcon;
				ASSETCATALOG_COMPILER_GLOBAL_ACCENT_COLOR_NAME = AccentColor;
				CODE_SIGN_STYLE = Automatic;
				CURRENT_PROJECT_VERSION = 1;
				DEVELOPMENT_ASSET_PATHS = "\"ListApp/Preview Content\"";
				DEVELOPMENT_TEAM = Q3M8LGUQ9H;
				ENABLE_PREVIEWS = YES;
				GENERATE_INFOPLIST_FILE = YES;
				INFOPLIST_KEY_UIApplicationSceneManifest_Generation = YES;
				INFOPLIST_KEY_UIApplicationSupportsIndirectInputEvents = YES;
				INFOPLIST_KEY_UILaunchScreen_Generation = YES;
				INFOPLIST_KEY_UISupportedInterfaceOrientations_iPad = "UIInterfaceOrientationPortrait UIInterfaceOrientationPortraitUpsideDown UIInterfaceOrientationLandscapeLeft UIInterfaceOrientationLandscapeRight";
				INFOPLIST_KEY_UISupportedInterfaceOrientations_iPhone = "UIInterfaceOrientationPortrait UIInterfaceOrientationLandscapeLeft UIInterfaceOrientationLandscapeRight";
				LD_RUNPATH_SEARCH_PATHS = (
					"$(inherited)",
					"@executable_path/Frameworks",
				);
				MARKETING_VERSION = 1.0;
				PRODUCT_BUNDLE_IDENTIFIER = "sami-abushamat.ListApp";
				PRODUCT_NAME = "$(TARGET_NAME)";
				SWIFT_EMIT_LOC_STRINGS = YES;
				SWIFT_VERSION = 5.0;
				TARGETED_DEVICE_FAMILY = "1,2";
			};
			name = Release;
		};
		B7852EFA2A76C23400E2995E /* Debug */ = {
			isa = XCBuildConfiguration;
			buildSettings = {
				ALWAYS_EMBED_SWIFT_STANDARD_LIBRARIES = YES;
				BUNDLE_LOADER = "$(TEST_HOST)";
				CODE_SIGN_STYLE = Automatic;
				CURRENT_PROJECT_VERSION = 1;
				DEVELOPMENT_TEAM = Q3M8LGUQ9H;
				GENERATE_INFOPLIST_FILE = YES;
				IPHONEOS_DEPLOYMENT_TARGET = 16.1;
				MARKETING_VERSION = 1.0;
				PRODUCT_BUNDLE_IDENTIFIER = "sami-abushamat.ListAppTests";
				PRODUCT_NAME = "$(TARGET_NAME)";
				SWIFT_EMIT_LOC_STRINGS = NO;
				SWIFT_VERSION = 5.0;
				TARGETED_DEVICE_FAMILY = "1,2";
				TEST_HOST = "$(BUILT_PRODUCTS_DIR)/ListApp.app/$(BUNDLE_EXECUTABLE_FOLDER_PATH)/ListApp";
			};
			name = Debug;
		};
		B7852EFB2A76C23400E2995E /* Release */ = {
			isa = XCBuildConfiguration;
			buildSettings = {
				ALWAYS_EMBED_SWIFT_STANDARD_LIBRARIES = YES;
				BUNDLE_LOADER = "$(TEST_HOST)";
				CODE_SIGN_STYLE = Automatic;
				CURRENT_PROJECT_VERSION = 1;
				DEVELOPMENT_TEAM = Q3M8LGUQ9H;
				GENERATE_INFOPLIST_FILE = YES;
				IPHONEOS_DEPLOYMENT_TARGET = 16.1;
				MARKETING_VERSION = 1.0;
				PRODUCT_BUNDLE_IDENTIFIER = "sami-abushamat.ListAppTests";
				PRODUCT_NAME = "$(TARGET_NAME)";
				SWIFT_EMIT_LOC_STRINGS = NO;
				SWIFT_VERSION = 5.0;
				TARGETED_DEVICE_FAMILY = "1,2";
				TEST_HOST = "$(BUILT_PRODUCTS_DIR)/ListApp.app/$(BUNDLE_EXECUTABLE_FOLDER_PATH)/ListApp";
			};
			name = Release;
		};
		B7852EFD2A76C23400E2995E /* Debug */ = {
			isa = XCBuildConfiguration;
			buildSettings = {
				ALWAYS_EMBED_SWIFT_STANDARD_LIBRARIES = YES;
				CODE_SIGN_STYLE = Automatic;
				CURRENT_PROJECT_VERSION = 1;
				DEVELOPMENT_TEAM = Q3M8LGUQ9H;
				GENERATE_INFOPLIST_FILE = YES;
				MARKETING_VERSION = 1.0;
				PRODUCT_BUNDLE_IDENTIFIER = "sami-abushamat.ListAppUITests";
				PRODUCT_NAME = "$(TARGET_NAME)";
				SWIFT_EMIT_LOC_STRINGS = NO;
				SWIFT_VERSION = 5.0;
				TARGETED_DEVICE_FAMILY = "1,2";
				TEST_TARGET_NAME = ListApp;
			};
			name = Debug;
		};
		B7852EFE2A76C23400E2995E /* Release */ = {
			isa = XCBuildConfiguration;
			buildSettings = {
				ALWAYS_EMBED_SWIFT_STANDARD_LIBRARIES = YES;
				CODE_SIGN_STYLE = Automatic;
				CURRENT_PROJECT_VERSION = 1;
				DEVELOPMENT_TEAM = Q3M8LGUQ9H;
				GENERATE_INFOPLIST_FILE = YES;
				MARKETING_VERSION = 1.0;
				PRODUCT_BUNDLE_IDENTIFIER = "sami-abushamat.ListAppUITests";
				PRODUCT_NAME = "$(TARGET_NAME)";
				SWIFT_EMIT_LOC_STRINGS = NO;
				SWIFT_VERSION = 5.0;
				TARGETED_DEVICE_FAMILY = "1,2";
				TEST_TARGET_NAME = ListApp;
			};
			name = Release;
		};
/* End XCBuildConfiguration section */

/* Begin XCConfigurationList section */
		B7852EC72A76C23300E2995E /* Build configuration list for PBXProject "ListApp" */ = {
			isa = XCConfigurationList;
			buildConfigurations = (
				B7852EF42A76C23400E2995E /* Debug */,
				B7852EF52A76C23400E2995E /* Release */,
			);
			defaultConfigurationIsVisible = 0;
			defaultConfigurationName = Release;
		};
		B7852EF62A76C23400E2995E /* Build configuration list for PBXNativeTarget "ListApp" */ = {
			isa = XCConfigurationList;
			buildConfigurations = (
				B7852EF72A76C23400E2995E /* Debug */,
				B7852EF82A76C23400E2995E /* Release */,
			);
			defaultConfigurationIsVisible = 0;
			defaultConfigurationName = Release;
		};
		B7852EF92A76C23400E2995E /* Build configuration list for PBXNativeTarget "ListAppTests" */ = {
			isa = XCConfigurationList;
			buildConfigurations = (
				B7852EFA2A76C23400E2995E /* Debug */,
				B7852EFB2A76C23400E2995E /* Release */,
			);
			defaultConfigurationIsVisible = 0;
			defaultConfigurationName = Release;
		};
		B7852EFC2A76C23400E2995E /* Build configuration list for PBXNativeTarget "ListAppUITests" */ = {
			isa = XCConfigurationList;
			buildConfigurations = (
				B7852EFD2A76C23400E2995E /* Debug */,
				B7852EFE2A76C23400E2995E /* Release */,
			);
			defaultConfigurationIsVisible = 0;
			defaultConfigurationName = Release;
		};
/* End XCConfigurationList section */

/* Begin XCVersionGroup section */
		B7852EDA2A76C23400E2995E /* ListApp.xcdatamodeld */ = {
			isa = XCVersionGroup;
			children = (
				B7852EDB2A76C23400E2995E /* ListApp.xcdatamodel */,
			);
			currentVersion = B7852EDB2A76C23400E2995E /* ListApp.xcdatamodel */;
			path = ListApp.xcdatamodeld;
			sourceTree = "<group>";
			versionGroupType = wrapper.xcdatamodel;
		};
/* End XCVersionGroup section */
	};
	rootObject = B7852EC42A76C23300E2995E /* Project object */;
}
